
Microsoft Visual Studio Solution File, Format Version 12.00
# Visual Studio Version 17
VisualStudioVersion = 17.4.33213.308
MinimumVisualStudioVersion = 10.0.40219.1
Project("{9A19103F-16F7-4668-BE54-9A1E7A4F7556}") = "JDWordSearchApp", "JDWordSearchApp\JDWordSearchApp.csproj", "{92D729CC-B023-41CD-9C8A-09AA9C14E9B2}"
EndProject
Global
	GlobalSection(SolutionConfigurationPlatforms) = preSolution
		Debug|Any CPU = Debug|Any CPU
		Release|Any CPU = Release|Any CPU
	EndGlobalSection
	GlobalSection(ProjectConfigurationPlatforms) = postSolution
		{92D729CC-B023-41CD-9C8A-09AA9C14E9B2}.Debug|Any CPU.ActiveCfg = Debug|Any CPU
		{92D729CC-B023-41CD-9C8A-09AA9C14E9B2}.Debug|Any CPU.Build.0 = Debug|Any CPU
		{92D729CC-B023-41CD-9C8A-09AA9C14E9B2}.Release|Any CPU.ActiveCfg = Release|Any CPU
		{92D729CC-B023-41CD-9C8A-09AA9C14E9B2}.Release|Any CPU.Build.0 = Release|Any CPU
	EndGlobalSection
	GlobalSection(SolutionProperties) = preSolution
		HideSolutionNode = FALSE
	EndGlobalSection
	GlobalSection(ExtensibilityGlobals) = postSolution
		SolutionGuid = {6056F978-7922-4370-894E-4048658BFC6B}
	EndGlobalSection
EndGlobal
